
Microsoft Visual Studio Solution File, Format Version 12.00
# Visual Studio Version 16
VisualStudioVersion = 16.0.30907.101
MinimumVisualStudioVersion = 10.0.40219.1
Project("{9A19103F-16F7-4668-BE54-9A1E7A4F7556}") = "campDers1", "campDers1\campDers1.csproj", "{515E55A3-EEA7-4641-A6DE-D3D5458CDFB1}"
EndProject
Project("{9A19103F-16F7-4668-BE54-9A1E7A4F7556}") = "campDonguler", "campDonguler\campDonguler.csproj", "{45D0BBA4-FB7F-4D88-A7F5-B78066DA3D36}"
EndProject
Project("{9A19103F-16F7-4668-BE54-9A1E7A4F7556}") = "campClass", "campClass\campClass.csproj", "{CDA080B1-22CC-4DF3-86F4-4263FB883513}"
EndProject
Project("{9A19103F-16F7-4668-BE54-9A1E7A4F7556}") = "odev1Class", "odev1Class\odev1Class.csproj", "{0BA06EEA-A545-4CF2-99AD-D1BA912788F1}"
EndProject
Project("{9A19103F-16F7-4668-BE54-9A1E7A4F7556}") = "odev2EticaretSitesi", "odev2EticaretSitesi\odev2EticaretSitesi.csproj", "{A2561E70-4753-4FE8-BDAF-14C7F94294D3}"
EndProject
Project("{9A19103F-16F7-4668-BE54-9A1E7A4F7556}") = "Methods", "Methods\Methods.csproj", "{2C9FF897-82A8-4EA9-9050-EB46E711E2EB}"
EndProject
Project("{9A19103F-16F7-4668-BE54-9A1E7A4F7556}") = "Matematik", "Matematik\Matematik.csproj", "{75A6FE2F-18EB-45F6-B20C-54E48C42CE2C}"
EndProject
Project("{9A19103F-16F7-4668-BE54-9A1E7A4F7556}") = "DegerVeReferansTipler", "DegerVeReferansTipler\DegerVeReferansTipler.csproj", "{08E7CEDD-248D-4553-9AFB-ADFE0516EE45}"
EndProject
Project("{9A19103F-16F7-4668-BE54-9A1E7A4F7556}") = "RefOutParameresi", "RefOutParameresi\RefOutParameresi.csproj", "{329E5E16-6561-4EFF-BF66-FF88B0ADE97F}"
EndProject
Project("{9A19103F-16F7-4668-BE54-9A1E7A4F7556}") = "BankaMusteriEkleme", "BankaMusteriEkleme\BankaMusteriEkleme.csproj", "{0C78B805-6AF1-4044-ADFD-E9C85503551C}"
EndProject
Project("{9A19103F-16F7-4668-BE54-9A1E7A4F7556}") = "OOP1", "OOP1\OOP1.csproj", "{3C6A0950-536B-4EA7-A9D5-BED8A76B28AA}"
EndProject
Project("{FAE04EC0-301F-11D3-BF4B-00C04F79EFBC}") = "Collections", "Collections\Collections.csproj", "{8CB4732D-5759-437C-B70D-5D507118B973}"
EndProject
Project("{FAE04EC0-301F-11D3-BF4B-00C04F79EFBC}") = "Genericsİntro", "enerics\Genericsİntro.csproj", "{BE9D6908-5622-4F5A-8322-9F622604861E}"
EndProject
Global
	GlobalSection(SolutionConfigurationPlatforms) = preSolution
		Debug|Any CPU = Debug|Any CPU
		Release|Any CPU = Release|Any CPU
	EndGlobalSection
	GlobalSection(ProjectConfigurationPlatforms) = postSolution
		{515E55A3-EEA7-4641-A6DE-D3D5458CDFB1}.Debug|Any CPU.ActiveCfg = Debug|Any CPU
		{515E55A3-EEA7-4641-A6DE-D3D5458CDFB1}.Debug|Any CPU.Build.0 = Debug|Any CPU
		{515E55A3-EEA7-4641-A6DE-D3D5458CDFB1}.Release|Any CPU.ActiveCfg = Release|Any CPU
		{515E55A3-EEA7-4641-A6DE-D3D5458CDFB1}.Release|Any CPU.Build.0 = Release|Any CPU
		{45D0BBA4-FB7F-4D88-A7F5-B78066DA3D36}.Debug|Any CPU.ActiveCfg = Debug|Any CPU
		{45D0BBA4-FB7F-4D88-A7F5-B78066DA3D36}.Debug|Any CPU.Build.0 = Debug|Any CPU
		{45D0BBA4-FB7F-4D88-A7F5-B78066DA3D36}.Release|Any CPU.ActiveCfg = Release|Any CPU
		{45D0BBA4-FB7F-4D88-A7F5-B78066DA3D36}.Release|Any CPU.Build.0 = Release|Any CPU
		{CDA080B1-22CC-4DF3-86F4-4263FB883513}.Debug|Any CPU.ActiveCfg = Debug|Any CPU
		{CDA080B1-22CC-4DF3-86F4-4263FB883513}.Debug|Any CPU.Build.0 = Debug|Any CPU
		{CDA080B1-22CC-4DF3-86F4-4263FB883513}.Release|Any CPU.ActiveCfg = Release|Any CPU
		{CDA080B1-22CC-4DF3-86F4-4263FB883513}.Release|Any CPU.Build.0 = Release|Any CPU
		{0BA06EEA-A545-4CF2-99AD-D1BA912788F1}.Debug|Any CPU.ActiveCfg = Debug|Any CPU
		{0BA06EEA-A545-4CF2-99AD-D1BA912788F1}.Debug|Any CPU.Build.0 = Debug|Any CPU
		{0BA06EEA-A545-4CF2-99AD-D1BA912788F1}.Release|Any CPU.ActiveCfg = Release|Any CPU
		{0BA06EEA-A545-4CF2-99AD-D1BA912788F1}.Release|Any CPU.Build.0 = Release|Any CPU
		{A2561E70-4753-4FE8-BDAF-14C7F94294D3}.Debug|Any CPU.ActiveCfg = Debug|Any CPU
		{A2561E70-4753-4FE8-BDAF-14C7F94294D3}.Debug|Any CPU.Build.0 = Debug|Any CPU
		{A2561E70-4753-4FE8-BDAF-14C7F94294D3}.Release|Any CPU.ActiveCfg = Release|Any CPU
		{A2561E70-4753-4FE8-BDAF-14C7F94294D3}.Release|Any CPU.Build.0 = Release|Any CPU
		{2C9FF897-82A8-4EA9-9050-EB46E711E2EB}.Debug|Any CPU.ActiveCfg = Debug|Any CPU
		{2C9FF897-82A8-4EA9-9050-EB46E711E2EB}.Debug|Any CPU.Build.0 = Debug|Any CPU
		{2C9FF897-82A8-4EA9-9050-EB46E711E2EB}.Release|Any CPU.ActiveCfg = Release|Any CPU
		{2C9FF897-82A8-4EA9-9050-EB46E711E2EB}.Release|Any CPU.Build.0 = Release|Any CPU
		{75A6FE2F-18EB-45F6-B20C-54E48C42CE2C}.Debug|Any CPU.ActiveCfg = Debug|Any CPU
		{75A6FE2F-18EB-45F6-B20C-54E48C42CE2C}.Debug|Any CPU.Build.0 = Debug|Any CPU
		{75A6FE2F-18EB-45F6-B20C-54E48C42CE2C}.Release|Any CPU.ActiveCfg = Release|Any CPU
		{75A6FE2F-18EB-45F6-B20C-54E48C42CE2C}.Release|Any CPU.Build.0 = Release|Any CPU
		{08E7CEDD-248D-4553-9AFB-ADFE0516EE45}.Debug|Any CPU.ActiveCfg = Debug|Any CPU
		{08E7CEDD-248D-4553-9AFB-ADFE0516EE45}.Debug|Any CPU.Build.0 = Debug|Any CPU
		{08E7CEDD-248D-4553-9AFB-ADFE0516EE45}.Release|Any CPU.ActiveCfg = Release|Any CPU
		{08E7CEDD-248D-4553-9AFB-ADFE0516EE45}.Release|Any CPU.Build.0 = Release|Any CPU
		{329E5E16-6561-4EFF-BF66-FF88B0ADE97F}.Debug|Any CPU.ActiveCfg = Debug|Any CPU
		{329E5E16-6561-4EFF-BF66-FF88B0ADE97F}.Debug|Any CPU.Build.0 = Debug|Any CPU
		{329E5E16-6561-4EFF-BF66-FF88B0ADE97F}.Release|Any CPU.ActiveCfg = Release|Any CPU
		{329E5E16-6561-4EFF-BF66-FF88B0ADE97F}.Release|Any CPU.Build.0 = Release|Any CPU
		{0C78B805-6AF1-4044-ADFD-E9C85503551C}.Debug|Any CPU.ActiveCfg = Debug|Any CPU
		{0C78B805-6AF1-4044-ADFD-E9C85503551C}.Debug|Any CPU.Build.0 = Debug|Any CPU
		{0C78B805-6AF1-4044-ADFD-E9C85503551C}.Release|Any CPU.ActiveCfg = Release|Any CPU
		{0C78B805-6AF1-4044-ADFD-E9C85503551C}.Release|Any CPU.Build.0 = Release|Any CPU
		{3C6A0950-536B-4EA7-A9D5-BED8A76B28AA}.Debug|Any CPU.ActiveCfg = Debug|Any CPU
		{3C6A0950-536B-4EA7-A9D5-BED8A76B28AA}.Debug|Any CPU.Build.0 = Debug|Any CPU
		{3C6A0950-536B-4EA7-A9D5-BED8A76B28AA}.Release|Any CPU.ActiveCfg = Release|Any CPU
		{3C6A0950-536B-4EA7-A9D5-BED8A76B28AA}.Release|Any CPU.Build.0 = Release|Any CPU
		{8CB4732D-5759-437C-B70D-5D507118B973}.Debug|Any CPU.ActiveCfg = Debug|Any CPU
		{8CB4732D-5759-437C-B70D-5D507118B973}.Debug|Any CPU.Build.0 = Debug|Any CPU
		{8CB4732D-5759-437C-B70D-5D507118B973}.Release|Any CPU.ActiveCfg = Release|Any CPU
		{8CB4732D-5759-437C-B70D-5D507118B973}.Release|Any CPU.Build.0 = Release|Any CPU
		{BE9D6908-5622-4F5A-8322-9F622604861E}.Debug|Any CPU.ActiveCfg = Debug|Any CPU
		{BE9D6908-5622-4F5A-8322-9F622604861E}.Debug|Any CPU.Build.0 = Debug|Any CPU
		{BE9D6908-5622-4F5A-8322-9F622604861E}.Release|Any CPU.ActiveCfg = Release|Any CPU
		{BE9D6908-5622-4F5A-8322-9F622604861E}.Release|Any CPU.Build.0 = Release|Any CPU
	EndGlobalSection
	GlobalSection(SolutionProperties) = preSolution
		HideSolutionNode = FALSE
	EndGlobalSection
	GlobalSection(ExtensibilityGlobals) = postSolution
		SolutionGuid = {BD221110-47D1-4344-99A9-495B7F4B42DA}
	EndGlobalSection
EndGlobal
